// !$*UTF8*$!
{
	archiveVersion = 1;
	classes = {
	};
	objectVersion = 48;
	objects = {

/* Begin PBXBuildFile section */
		5B172AAD204C9FD100C175F0 /* GoogleService-Info.plist in Resources */ = {isa = PBXBuildFile; fileRef = 5B172AAC204C9FD100C175F0 /* GoogleService-Info.plist */; };
		5B48D3531E18956200A1EF8E /* LoginViewController.swift in Sources */ = {isa = PBXBuildFile; fileRef = 5B48D3521E18956200A1EF8E /* LoginViewController.swift */; };
		5B832291204CF50900C44D94 /* UserModel.swift in Sources */ = {isa = PBXBuildFile; fileRef = 5B832290204CF50900C44D94 /* UserModel.swift */; };
		5B832294204CF79A00C44D94 /* SubViewController.swift in Sources */ = {isa = PBXBuildFile; fileRef = 5B832293204CF79A00C44D94 /* SubViewController.swift */; };
		5BDB9D06204B5A140050D8EB /* AppDelegate.swift in Sources */ = {isa = PBXBuildFile; fileRef = 5BDB9D05204B5A140050D8EB /* AppDelegate.swift */; };
		5BDB9D08204B5A140050D8EB /* ViewController.swift in Sources */ = {isa = PBXBuildFile; fileRef = 5BDB9D07204B5A140050D8EB /* ViewController.swift */; };
		5BDB9D0B204B5A140050D8EB /* Main.storyboard in Resources */ = {isa = PBXBuildFile; fileRef = 5BDB9D09204B5A140050D8EB /* Main.storyboard */; };
		5BDB9D0E204B5A140050D8EB /* testloginfb.xcdatamodeld in Sources */ = {isa = PBXBuildFile; fileRef = 5BDB9D0C204B5A140050D8EB /* testloginfb.xcdatamodeld */; };
		5BDB9D10204B5A140050D8EB /* Assets.xcassets in Resources */ = {isa = PBXBuildFile; fileRef = 5BDB9D0F204B5A140050D8EB /* Assets.xcassets */; };
		5BDB9D13204B5A140050D8EB /* LaunchScreen.storyboard in Resources */ = {isa = PBXBuildFile; fileRef = 5BDB9D11204B5A140050D8EB /* LaunchScreen.storyboard */; };
		5BDB9D1C204BCA1F0050D8EB /* CustomTabBarController.swift in Sources */ = {isa = PBXBuildFile; fileRef = 5BDB9D1B204BCA1F0050D8EB /* CustomTabBarController.swift */; };
		5BDB9D1E204BCAA50050D8EB /* ProfileController.swift in Sources */ = {isa = PBXBuildFile; fileRef = 5BDB9D1D204BCAA50050D8EB /* ProfileController.swift */; };
		5BDB9D21204BCB080050D8EB /* Extensions.swift in Sources */ = {isa = PBXBuildFile; fileRef = 5BDB9D20204BCB080050D8EB /* Extensions.swift */; };
		F1801A3D45A123CECEA5FD5A /* Pods_testloginfb.framework in Frameworks */ = {isa = PBXBuildFile; fileRef = 42AFFFB9EDFABAAAC1374C55 /* Pods_testloginfb.framework */; };
/* End PBXBuildFile section */

/* Begin PBXFileReference section */
		42AFFFB9EDFABAAAC1374C55 /* Pods_testloginfb.framework */ = {isa = PBXFileReference; explicitFileType = wrapper.framework; includeInIndex = 0; path = Pods_testloginfb.framework; sourceTree = BUILT_PRODUCTS_DIR; };
		5B172AAC204C9FD100C175F0 /* GoogleService-Info.plist */ = {isa = PBXFileReference; fileEncoding = 4; lastKnownFileType = text.plist.xml; path = "GoogleService-Info.plist"; sourceTree = "<group>"; };
		5B48D3521E18956200A1EF8E /* LoginViewController.swift */ = {isa = PBXFileReference; lastKnownFileType = sourcecode.swift; path = LoginViewController.swift; sourceTree = "<group>"; };
		5B832290204CF50900C44D94 /* UserModel.swift */ = {isa = PBXFileReference; lastKnownFileType = sourcecode.swift; path = UserModel.swift; sourceTree = "<group>"; };
		5B832293204CF79A00C44D94 /* SubViewController.swift */ = {isa = PBXFileReference; lastKnownFileType = sourcecode.swift; path = SubViewController.swift; sourceTree = "<group>"; };
		5BDB9D02204B5A140050D8EB /* testloginfb.app */ = {isa = PBXFileReference; explicitFileType = wrapper.application; includeInIndex = 0; path = testloginfb.app; sourceTree = BUILT_PRODUCTS_DIR; };
		5BDB9D05204B5A140050D8EB /* AppDelegate.swift */ = {isa = PBXFileReference; lastKnownFileType = sourcecode.swift; path = AppDelegate.swift; sourceTree = "<group>"; };
		5BDB9D07204B5A140050D8EB /* ViewController.swift */ = {isa = PBXFileReference; lastKnownFileType = sourcecode.swift; path = ViewController.swift; sourceTree = "<group>"; };
		5BDB9D0A204B5A140050D8EB /* Base */ = {isa = PBXFileReference; lastKnownFileType = file.storyboard; name = Base; path = Base.lproj/Main.storyboard; sourceTree = "<group>"; };
		5BDB9D0D204B5A140050D8EB /* testloginfb.xcdatamodel */ = {isa = PBXFileReference; lastKnownFileType = wrapper.xcdatamodel; path = testloginfb.xcdatamodel; sourceTree = "<group>"; };
		5BDB9D0F204B5A140050D8EB /* Assets.xcassets */ = {isa = PBXFileReference; lastKnownFileType = folder.assetcatalog; path = Assets.xcassets; sourceTree = "<group>"; };
		5BDB9D12204B5A140050D8EB /* Base */ = {isa = PBXFileReference; lastKnownFileType = file.storyboard; name = Base; path = Base.lproj/LaunchScreen.storyboard; sourceTree = "<group>"; };
		5BDB9D14204B5A140050D8EB /* Info.plist */ = {isa = PBXFileReference; lastKnownFileType = text.plist.xml; path = Info.plist; sourceTree = "<group>"; };
		5BDB9D1B204BCA1F0050D8EB /* CustomTabBarController.swift */ = {isa = PBXFileReference; lastKnownFileType = sourcecode.swift; path = CustomTabBarController.swift; sourceTree = "<group>"; };
		5BDB9D1D204BCAA50050D8EB /* ProfileController.swift */ = {isa = PBXFileReference; lastKnownFileType = sourcecode.swift; path = ProfileController.swift; sourceTree = "<group>"; };
		5BDB9D20204BCB080050D8EB /* Extensions.swift */ = {isa = PBXFileReference; lastKnownFileType = sourcecode.swift; path = Extensions.swift; sourceTree = "<group>"; };
		CE441660FFD77075EDFC9D92 /* Pods-testloginfb.debug.xcconfig */ = {isa = PBXFileReference; includeInIndex = 1; lastKnownFileType = text.xcconfig; name = "Pods-testloginfb.debug.xcconfig"; path = "Pods/Target Support Files/Pods-testloginfb/Pods-testloginfb.debug.xcconfig"; sourceTree = "<group>"; };
		DB721913B7DA9E85C688C72F /* Pods-testloginfb.release.xcconfig */ = {isa = PBXFileReference; includeInIndex = 1; lastKnownFileType = text.xcconfig; name = "Pods-testloginfb.release.xcconfig"; path = "Pods/Target Support Files/Pods-testloginfb/Pods-testloginfb.release.xcconfig"; sourceTree = "<group>"; };
/* End PBXFileReference section */

/* Begin PBXFrameworksBuildPhase section */
		5BDB9CFF204B5A140050D8EB /* Frameworks */ = {
			isa = PBXFrameworksBuildPhase;
			buildActionMask = 2147483647;
			files = (
				F1801A3D45A123CECEA5FD5A /* Pods_testloginfb.framework in Frameworks */,
			);
			runOnlyForDeploymentPostprocessing = 0;
		};
/* End PBXFrameworksBuildPhase section */

/* Begin PBXGroup section */
		275603A0E307EBB9433043C5 /* Pods */ = {
			isa = PBXGroup;
			children = (
				CE441660FFD77075EDFC9D92 /* Pods-testloginfb.debug.xcconfig */,
				DB721913B7DA9E85C688C72F /* Pods-testloginfb.release.xcconfig */,
			);
			name = Pods;
			sourceTree = "<group>";
		};
		36C1D82DF2414A9CF1566C56 /* Frameworks */ = {
			isa = PBXGroup;
			children = (
				42AFFFB9EDFABAAAC1374C55 /* Pods_testloginfb.framework */,
			);
			name = Frameworks;
			sourceTree = "<group>";
		};
		5B83228F204CF4F300C44D94 /* Models */ = {
			isa = PBXGroup;
			children = (
				5B832290204CF50900C44D94 /* UserModel.swift */,
			);
			path = Models;
			sourceTree = "<group>";
		};
		5BDB9CF9204B5A140050D8EB = {
			isa = PBXGroup;
			children = (
				5BDB9D04204B5A140050D8EB /* testloginfb */,
				5BDB9D03204B5A140050D8EB /* Products */,
				275603A0E307EBB9433043C5 /* Pods */,
				36C1D82DF2414A9CF1566C56 /* Frameworks */,
			);
			sourceTree = "<group>";
		};
		5BDB9D03204B5A140050D8EB /* Products */ = {
			isa = PBXGroup;
			children = (
				5BDB9D02204B5A140050D8EB /* testloginfb.app */,
			);
			name = Products;
			sourceTree = "<group>";
		};
		5BDB9D04204B5A140050D8EB /* testloginfb */ = {
			isa = PBXGroup;
			children = (
				5B83228F204CF4F300C44D94 /* Models */,
				5BDB9D1F204BCAFC0050D8EB /* Tools */,
				5BDB9D1A204BCA0C0050D8EB /* Controller */,
				5BDB9D05204B5A140050D8EB /* AppDelegate.swift */,
				5BDB9D07204B5A140050D8EB /* ViewController.swift */,
				5BDB9D09204B5A140050D8EB /* Main.storyboard */,
				5BDB9D0F204B5A140050D8EB /* Assets.xcassets */,
				5BDB9D11204B5A140050D8EB /* LaunchScreen.storyboard */,
				5BDB9D14204B5A140050D8EB /* Info.plist */,
				5BDB9D0C204B5A140050D8EB /* testloginfb.xcdatamodeld */,
				5B172AAC204C9FD100C175F0 /* GoogleService-Info.plist */,
			);
			path = testloginfb;
			sourceTree = "<group>";
		};
		5BDB9D1A204BCA0C0050D8EB /* Controller */ = {
			isa = PBXGroup;
			children = (
				5BDB9D1B204BCA1F0050D8EB /* CustomTabBarController.swift */,
				5BDB9D1D204BCAA50050D8EB /* ProfileController.swift */,
				5B48D3521E18956200A1EF8E /* LoginViewController.swift */,
				5B832293204CF79A00C44D94 /* SubViewController.swift */,
			);
			path = Controller;
			sourceTree = "<group>";
		};
		5BDB9D1F204BCAFC0050D8EB /* Tools */ = {
			isa = PBXGroup;
			children = (
				5BDB9D20204BCB080050D8EB /* Extensions.swift */,
			);
			path = Tools;
			sourceTree = "<group>";
		};
/* End PBXGroup section */

/* Begin PBXNativeTarget section */
		5BDB9D01204B5A140050D8EB /* testloginfb */ = {
			isa = PBXNativeTarget;
			buildConfigurationList = 5BDB9D17204B5A140050D8EB /* Build configuration list for PBXNativeTarget "testloginfb" */;
			buildPhases = (
				3298187969D46E5A0EF162F1 /* [CP] Check Pods Manifest.lock */,
				5BDB9CFE204B5A140050D8EB /* Sources */,
				5BDB9CFF204B5A140050D8EB /* Frameworks */,
				5BDB9D00204B5A140050D8EB /* Resources */,
				EBED915E72BB3E3F5D7BDE74 /* [CP] Embed Pods Frameworks */,
				F2FAA8EA597E676DE2946F75 /* [CP] Copy Pods Resources */,
			);
			buildRules = (
			);
			dependencies = (
			);
			name = testloginfb;
			productName = testloginfb;
			productReference = 5BDB9D02204B5A140050D8EB /* testloginfb.app */;
			productType = "com.apple.product-type.application";
		};
/* End PBXNativeTarget section */

/* Begin PBXProject section */
		5BDB9CFA204B5A140050D8EB /* Project object */ = {
			isa = PBXProject;
			attributes = {
				LastSwiftUpdateCheck = 0910;
				LastUpgradeCheck = 0910;
				ORGANIZATIONNAME = "Juan Lopez";
				TargetAttributes = {
					5BDB9D01204B5A140050D8EB = {
						CreatedOnToolsVersion = 9.1;
						ProvisioningStyle = Automatic;
					};
				};
			};
			buildConfigurationList = 5BDB9CFD204B5A140050D8EB /* Build configuration list for PBXProject "testloginfb" */;
			compatibilityVersion = "Xcode 8.0";
			developmentRegion = en;
			hasScannedForEncodings = 0;
			knownRegions = (
				en,
				Base,
			);
			mainGroup = 5BDB9CF9204B5A140050D8EB;
			productRefGroup = 5BDB9D03204B5A140050D8EB /* Products */;
			projectDirPath = "";
			projectRoot = "";
			targets = (
				5BDB9D01204B5A140050D8EB /* testloginfb */,
			);
		};
/* End PBXProject section */

/* Begin PBXResourcesBuildPhase section */
		5BDB9D00204B5A140050D8EB /* Resources */ = {
			isa = PBXResourcesBuildPhase;
			buildActionMask = 2147483647;
			files = (
				5BDB9D13204B5A140050D8EB /* LaunchScreen.storyboard in Resources */,
				5B172AAD204C9FD100C175F0 /* GoogleService-Info.plist in Resources */,
				5BDB9D10204B5A140050D8EB /* Assets.xcassets in Resources */,
				5BDB9D0B204B5A140050D8EB /* Main.storyboard in Resources */,
			);
			runOnlyForDeploymentPostprocessing = 0;
		};
/* End PBXResourcesBuildPhase section */

/* Begin PBXShellScriptBuildPhase section */
		3298187969D46E5A0EF162F1 /* [CP] Check Pods Manifest.lock */ = {
			isa = PBXShellScriptBuildPhase;
			buildActionMask = 2147483647;
			files = (
			);
			inputPaths = (
				"${PODS_PODFILE_DIR_PATH}/Podfile.lock",
				"${PODS_ROOT}/Manifest.lock",
			);
			name = "[CP] Check Pods Manifest.lock";
			outputPaths = (
				"$(DERIVED_FILE_DIR)/Pods-testloginfb-checkManifestLockResult.txt",
			);
			runOnlyForDeploymentPostprocessing = 0;
			shellPath = /bin/sh;
			shellScript = "diff \"${PODS_PODFILE_DIR_PATH}/Podfile.lock\" \"${PODS_ROOT}/Manifest.lock\" > /dev/null\nif [ $? != 0 ] ; then\n    # print error to STDERR\n    echo \"error: The sandbox is not in sync with the Podfile.lock. Run 'pod install' or update your CocoaPods installation.\" >&2\n    exit 1\nfi\n# This output is used by Xcode 'outputs' to avoid re-running this script phase.\necho \"SUCCESS\" > \"${SCRIPT_OUTPUT_FILE_0}\"\n";
			showEnvVarsInLog = 0;
		};
		EBED915E72BB3E3F5D7BDE74 /* [CP] Embed Pods Frameworks */ = {
			isa = PBXShellScriptBuildPhase;
			buildActionMask = 2147483647;
			files = (
			);
			inputPaths = (
				"${SRCROOT}/Pods/Target Support Files/Pods-testloginfb/Pods-testloginfb-frameworks.sh",
				"${BUILT_PRODUCTS_DIR}/Bolts/Bolts.framework",
				"${BUILT_PRODUCTS_DIR}/FBSDKCoreKit/FBSDKCoreKit.framework",
				"${BUILT_PRODUCTS_DIR}/FBSDKLoginKit/FBSDKLoginKit.framework",
				"${BUILT_PRODUCTS_DIR}/GTMSessionFetcher/GTMSessionFetcher.framework",
				"${BUILT_PRODUCTS_DIR}/GoogleToolboxForMac/GoogleToolboxForMac.framework",
				"${BUILT_PRODUCTS_DIR}/nanopb/nanopb.framework",
			);
			name = "[CP] Embed Pods Frameworks";
			outputPaths = (
				"${TARGET_BUILD_DIR}/${FRAMEWORKS_FOLDER_PATH}/Bolts.framework",
				"${TARGET_BUILD_DIR}/${FRAMEWORKS_FOLDER_PATH}/FBSDKCoreKit.framework",
				"${TARGET_BUILD_DIR}/${FRAMEWORKS_FOLDER_PATH}/FBSDKLoginKit.framework",
				"${TARGET_BUILD_DIR}/${FRAMEWORKS_FOLDER_PATH}/GTMSessionFetcher.framework",
				"${TARGET_BUILD_DIR}/${FRAMEWORKS_FOLDER_PATH}/GoogleToolboxForMac.framework",
				"${TARGET_BUILD_DIR}/${FRAMEWORKS_FOLDER_PATH}/nanopb.framework",
			);
			runOnlyForDeploymentPostprocessing = 0;
			shellPath = /bin/sh;
			shellScript = "\"${SRCROOT}/Pods/Target Support Files/Pods-testloginfb/Pods-testloginfb-frameworks.sh\"\n";
			showEnvVarsInLog = 0;
		};
		F2FAA8EA597E676DE2946F75 /* [CP] Copy Pods Resources */ = {
			isa = PBXShellScriptBuildPhase;
			buildActionMask = 2147483647;
			files = (
			);
			inputPaths = (
			);
			name = "[CP] Copy Pods Resources";
			outputPaths = (
			);
			runOnlyForDeploymentPostprocessing = 0;
			shellPath = /bin/sh;
			shellScript = "\"${SRCROOT}/Pods/Target Support Files/Pods-testloginfb/Pods-testloginfb-resources.sh\"\n";
			showEnvVarsInLog = 0;
		};
/* End PBXShellScriptBuildPhase section */

/* Begin PBXSourcesBuildPhase section */
		5BDB9CFE204B5A140050D8EB /* Sources */ = {
			isa = PBXSourcesBuildPhase;
			buildActionMask = 2147483647;
			files = (
				5BDB9D1E204BCAA50050D8EB /* ProfileController.swift in Sources */,
				5BDB9D21204BCB080050D8EB /* Extensions.swift in Sources */,
				5B832291204CF50900C44D94 /* UserModel.swift in Sources */,
				5BDB9D0E204B5A140050D8EB /* testloginfb.xcdatamodeld in Sources */,
				5BDB9D08204B5A140050D8EB /* ViewController.swift in Sources */,
				5BDB9D1C204BCA1F0050D8EB /* CustomTabBarController.swift in Sources */,
				5B832294204CF79A00C44D94 /* SubViewController.swift in Sources */,
				5B48D3531E18956200A1EF8E /* LoginViewController.swift in Sources */,
				5BDB9D06204B5A140050D8EB /* AppDelegate.swift in Sources */,
			);
			runOnlyForDeploymentPostprocessing = 0;
		};
/* End PBXSourcesBuildPhase section */

/* Begin PBXVariantGroup section */
		5BDB9D09204B5A140050D8EB /* Main.storyboard */ = {
			isa = PBXVariantGroup;
			children = (
				5BDB9D0A204B5A140050D8EB /* Base */,
			);
			name = Main.storyboard;
			sourceTree = "<group>";
		};
		5BDB9D11204B5A140050D8EB /* LaunchScreen.storyboard */ = {
			isa = PBXVariantGroup;
			children = (
				5BDB9D12204B5A140050D8EB /* Base */,
			);
			name = LaunchScreen.storyboard;
			sourceTree = "<group>";
		};
/* End PBXVariantGroup section */

/* Begin XCBuildConfiguration section */
		5BDB9D15204B5A140050D8EB /* Debug */ = {
			isa = XCBuildConfiguration;
			buildSettings = {
				ALWAYS_SEARCH_USER_PATHS = NO;
				CLANG_ANALYZER_NONNULL = YES;
				CLANG_ANALYZER_NUMBER_OBJECT_CONVERSION = YES_AGGRESSIVE;
				CLANG_CXX_LANGUAGE_STANDARD = "gnu++14";
				CLANG_CXX_LIBRARY = "libc++";
				CLANG_ENABLE_MODULES = YES;
				CLANG_ENABLE_OBJC_ARC = YES;
				CLANG_WARN_BLOCK_CAPTURE_AUTORELEASING = YES;
				CLANG_WARN_BOOL_CONVERSION = YES;
				CLANG_WARN_COMMA = YES;
				CLANG_WARN_CONSTANT_CONVERSION = YES;
				CLANG_WARN_DIRECT_OBJC_ISA_USAGE = YES_ERROR;
				CLANG_WARN_DOCUMENTATION_COMMENTS = YES;
				CLANG_WARN_EMPTY_BODY = YES;
				CLANG_WARN_ENUM_CONVERSION = YES;
				CLANG_WARN_INFINITE_RECURSION = YES;
				CLANG_WARN_INT_CONVERSION = YES;
				CLANG_WARN_NON_LITERAL_NULL_CONVERSION = YES;
				CLANG_WARN_OBJC_LITERAL_CONVERSION = YES;
				CLANG_WARN_OBJC_ROOT_CLASS = YES_ERROR;
				CLANG_WARN_RANGE_LOOP_ANALYSIS = YES;
				CLANG_WARN_STRICT_PROTOTYPES = YES;
				CLANG_WARN_SUSPICIOUS_MOVE = YES;
				CLANG_WARN_UNGUARDED_AVAILABILITY = YES_AGGRESSIVE;
				CLANG_WARN_UNREACHABLE_CODE = YES;
				CLANG_WARN__DUPLICATE_METHOD_MATCH = YES;
				CODE_SIGN_IDENTITY = "iPhone Developer";
				COPY_PHASE_STRIP = NO;
				DEBUG_INFORMATION_FORMAT = dwarf;
				ENABLE_STRICT_OBJC_MSGSEND = YES;
				ENABLE_TESTABILITY = YES;
				GCC_C_LANGUAGE_STANDARD = gnu11;
				GCC_DYNAMIC_NO_PIC = NO;
				GCC_NO_COMMON_BLOCKS = YES;
				GCC_OPTIMIZATION_LEVEL = 0;
				GCC_PREPROCESSOR_DEFINITIONS = (
					"DEBUG=1",
					"$(inherited)",
				);
				GCC_WARN_64_TO_32_BIT_CONVERSION = YES;
				GCC_WARN_ABOUT_RETURN_TYPE = YES_ERROR;
				GCC_WARN_UNDECLARED_SELECTOR = YES;
				GCC_WARN_UNINITIALIZED_AUTOS = YES_AGGRESSIVE;
				GCC_WARN_UNUSED_FUNCTION = YES;
				GCC_WARN_UNUSED_VARIABLE = YES;
				IPHONEOS_DEPLOYMENT_TARGET = 11.1;
				MTL_ENABLE_DEBUG_INFO = YES;
				ONLY_ACTIVE_ARCH = YES;
				SDKROOT = iphoneos;
				SWIFT_ACTIVE_COMPILATION_CONDITIONS = DEBUG;
				SWIFT_OPTIMIZATION_LEVEL = "-Onone";
			};
			name = Debug;
		};
		5BDB9D16204B5A140050D8EB /* Release */ = {
			isa = XCBuildConfiguration;
			buildSettings = {
				ALWAYS_SEARCH_USER_PATHS = NO;
				CLANG_ANALYZER_NONNULL = YES;
				CLANG_ANALYZER_NUMBER_OBJECT_CONVERSION = YES_AGGRESSIVE;
				CLANG_CXX_LANGUAGE_STANDARD = "gnu++14";
				CLANG_CXX_LIBRARY = "libc++";
				CLANG_ENABLE_MODULES = YES;
				CLANG_ENABLE_OBJC_ARC = YES;
				CLANG_WARN_BLOCK_CAPTURE_AUTORELEASING = YES;
				CLANG_WARN_BOOL_CONVERSION = YES;
				CLANG_WARN_COMMA = YES;
				CLANG_WARN_CONSTANT_CONVERSION = YES;
				CLANG_WARN_DIRECT_OBJC_ISA_USAGE = YES_ERROR;
				CLANG_WARN_DOCUMENTATION_COMMENTS = YES;
				CLANG_WARN_EMPTY_BODY = YES;
				CLANG_WARN_ENUM_CONVERSION = YES;
				CLANG_WARN_INFINITE_RECURSION = YES;
				CLANG_WARN_INT_CONVERSION = YES;
				CLANG_WARN_NON_LITERAL_NULL_CONVERSION = YES;
				CLANG_WARN_OBJC_LITERAL_CONVERSION = YES;
				CLANG_WARN_OBJC_ROOT_CLASS = YES_ERROR;
				CLANG_WARN_RANGE_LOOP_ANALYSIS = YES;
				CLANG_WARN_STRICT_PROTOTYPES = YES;
				CLANG_WARN_SUSPICIOUS_MOVE = YES;
				CLANG_WARN_UNGUARDED_AVAILABILITY = YES_AGGRESSIVE;
				CLANG_WARN_UNREACHABLE_CODE = YES;
				CLANG_WARN__DUPLICATE_METHOD_MATCH = YES;
				CODE_SIGN_IDENTITY = "iPhone Developer";
				COPY_PHASE_STRIP = NO;
				DEBUG_INFORMATION_FORMAT = "dwarf-with-dsym";
				ENABLE_NS_ASSERTIONS = NO;
				ENABLE_STRICT_OBJC_MSGSEND = YES;
				GCC_C_LANGUAGE_STANDARD = gnu11;
				GCC_NO_COMMON_BLOCKS = YES;
				GCC_WARN_64_TO_32_BIT_CONVERSION = YES;
				GCC_WARN_ABOUT_RETURN_TYPE = YES_ERROR;
				GCC_WARN_UNDECLARED_SELECTOR = YES;
				GCC_WARN_UNINITIALIZED_AUTOS = YES_AGGRESSIVE;
				GCC_WARN_UNUSED_FUNCTION = YES;
				GCC_WARN_UNUSED_VARIABLE = YES;
				IPHONEOS_DEPLOYMENT_TARGET = 11.1;
				MTL_ENABLE_DEBUG_INFO = NO;
				SDKROOT = iphoneos;
				SWIFT_OPTIMIZATION_LEVEL = "-Owholemodule";
				VALIDATE_PRODUCT = YES;
			};
			name = Release;
		};
		5BDB9D18204B5A140050D8EB /* Debug */ = {
			isa = XCBuildConfiguration;
			baseConfigurationReference = CE441660FFD77075EDFC9D92 /* Pods-testloginfb.debug.xcconfig */;
			buildSettings = {
				ASSETCATALOG_COMPILER_APPICON_NAME = AppIcon;
				CODE_SIGN_STYLE = Automatic;
				INFOPLIST_FILE = testloginfb/Info.plist;
				LD_RUNPATH_SEARCH_PATHS = "$(inherited) @executable_path/Frameworks";
				PRODUCT_BUNDLE_IDENTIFIER = jenriquelopez.gt.testloginfb;
				PRODUCT_NAME = "$(TARGET_NAME)";
				SWIFT_VERSION = 4.0;
				TARGETED_DEVICE_FAMILY = 1;
			};
			name = Debug;
		};
		5BDB9D19204B5A140050D8EB /* Release */ = {
			isa = XCBuildConfiguration;
			baseConfigurationReference = DB721913B7DA9E85C688C72F /* Pods-testloginfb.release.xcconfig */;
			buildSettings = {
				ASSETCATALOG_COMPILER_APPICON_NAME = AppIcon;
				CODE_SIGN_STYLE = Automatic;
				INFOPLIST_FILE = testloginfb/Info.plist;
				LD_RUNPATH_SEARCH_PATHS = "$(inherited) @executable_path/Frameworks";
				PRODUCT_BUNDLE_IDENTIFIER = jenriquelopez.gt.testloginfb;
				PRODUCT_NAME = "$(TARGET_NAME)";
				SWIFT_VERSION = 4.0;
				TARGETED_DEVICE_FAMILY = 1;
			};
			name = Release;
		};
/* End XCBuildConfiguration section */

/* Begin XCConfigurationList section */
		5BDB9CFD204B5A140050D8EB /* Build configuration list for PBXProject "testloginfb" */ = {
			isa = XCConfigurationList;
			buildConfigurations = (
				5BDB9D15204B5A140050D8EB /* Debug */,
				5BDB9D16204B5A140050D8EB /* Release */,
			);
			defaultConfigurationIsVisible = 0;
			defaultConfigurationName = Release;
		};
		5BDB9D17204B5A140050D8EB /* Build configuration list for PBXNativeTarget "testloginfb" */ = {
			isa = XCConfigurationList;
			buildConfigurations = (
				5BDB9D18204B5A140050D8EB /* Debug */,
				5BDB9D19204B5A140050D8EB /* Release */,
			);
			defaultConfigurationIsVisible = 0;
			defaultConfigurationName = Release;
		};
/* End XCConfigurationList section */

/* Begin XCVersionGroup section */
		5BDB9D0C204B5A140050D8EB /* testloginfb.xcdatamodeld */ = {
			isa = XCVersionGroup;
			children = (
				5BDB9D0D204B5A140050D8EB /* testloginfb.xcdatamodel */,
			);
			currentVersion = 5BDB9D0D204B5A140050D8EB /* testloginfb.xcdatamodel */;
			path = testloginfb.xcdatamodeld;
			sourceTree = "<group>";
			versionGroupType = wrapper.xcdatamodel;
		};
/* End XCVersionGroup section */
	};
	rootObject = 5BDB9CFA204B5A140050D8EB /* Project object */;
}
